
Microsoft Visual Studio Solution File, Format Version 12.00
# Visual Studio 15
VisualStudioVersion = 15.0.28010.2026
MinimumVisualStudioVersion = 10.0.40219.1
Project("{FAE04EC0-301F-11D3-BF4B-00C04F79EFBC}") = "Coordinator", "Coordinator\Coordinator.csproj", "{B0F7F9CA-1C76-44EB-9FFF-CA2D1B2FDA03}"
EndProject
Global
	GlobalSection(SolutionConfigurationPlatforms) = preSolution
		Debug|Any CPU = Debug|Any CPU
		Release|Any CPU = Release|Any CPU
	EndGlobalSection
	GlobalSection(ProjectConfigurationPlatforms) = postSolution
		{B0F7F9CA-1C76-44EB-9FFF-CA2D1B2FDA03}.Debug|Any CPU.ActiveCfg = Debug|Any CPU
		{B0F7F9CA-1C76-44EB-9FFF-CA2D1B2FDA03}.Debug|Any CPU.Build.0 = Debug|Any CPU
		{B0F7F9CA-1C76-44EB-9FFF-CA2D1B2FDA03}.Release|Any CPU.ActiveCfg = Release|Any CPU
		{B0F7F9CA-1C76-44EB-9FFF-CA2D1B2FDA03}.Release|Any CPU.Build.0 = Release|Any CPU
	EndGlobalSection
	GlobalSection(SolutionProperties) = preSolution
		HideSolutionNode = FALSE
	EndGlobalSection
	GlobalSection(ExtensibilityGlobals) = postSolution
		SolutionGuid = {DF9B3431-5235-499D-B79E-42BE8BE715E0}
	EndGlobalSection
EndGlobal
